// !$*UTF8*$!
{
	archiveVersion = 1;
	classes = {
	};
	objectVersion = 50;
	objects = {

/* Begin PBXBuildFile section */
		459F5B572413197F00EC9A9B /* AppDelegate.swift in Sources */ = {isa = PBXBuildFile; fileRef = 459F5B562413197F00EC9A9B /* AppDelegate.swift */; };
		459F5B592413197F00EC9A9B /* SceneDelegate.swift in Sources */ = {isa = PBXBuildFile; fileRef = 459F5B582413197F00EC9A9B /* SceneDelegate.swift */; };
		459F5B5B2413197F00EC9A9B /* ContentView.swift in Sources */ = {isa = PBXBuildFile; fileRef = 459F5B5A2413197F00EC9A9B /* ContentView.swift */; };
		459F5B5D2413198300EC9A9B /* Assets.xcassets in Resources */ = {isa = PBXBuildFile; fileRef = 459F5B5C2413198300EC9A9B /* Assets.xcassets */; };
		459F5B602413198300EC9A9B /* Preview Assets.xcassets in Resources */ = {isa = PBXBuildFile; fileRef = 459F5B5F2413198300EC9A9B /* Preview Assets.xcassets */; };
		459F5B632413198300EC9A9B /* LaunchScreen.storyboard in Resources */ = {isa = PBXBuildFile; fileRef = 459F5B612413198300EC9A9B /* LaunchScreen.storyboard */; };
		459F5B6D24131A8400EC9A9B /* PizzaList.swift in Sources */ = {isa = PBXBuildFile; fileRef = 459F5B6C24131A8400EC9A9B /* PizzaList.swift */; };
		459F5B6F24131ACD00EC9A9B /* Pizza.swift in Sources */ = {isa = PBXBuildFile; fileRef = 459F5B6E24131ACD00EC9A9B /* Pizza.swift */; };
		459F5B7224131EB900EC9A9B /* PizzaListView.swift in Sources */ = {isa = PBXBuildFile; fileRef = 459F5B7124131EB900EC9A9B /* PizzaListView.swift */; };
		459F5B742413249E00EC9A9B /* PizzaDetailScreen.swift in Sources */ = {isa = PBXBuildFile; fileRef = 459F5B732413249E00EC9A9B /* PizzaDetailScreen.swift */; };
		459F5B76241324C200EC9A9B /* PizzaDetailView.swift in Sources */ = {isa = PBXBuildFile; fileRef = 459F5B75241324C200EC9A9B /* PizzaDetailView.swift */; };
		459F5B78241396CF00EC9A9B /* DataService.swift in Sources */ = {isa = PBXBuildFile; fileRef = 459F5B77241396CF00EC9A9B /* DataService.swift */; };
/* End PBXBuildFile section */

/* Begin PBXFileReference section */
		459F5B532413197F00EC9A9B /* NavigationApp.app */ = {isa = PBXFileReference; explicitFileType = wrapper.application; includeInIndex = 0; path = NavigationApp.app; sourceTree = BUILT_PRODUCTS_DIR; };
		459F5B562413197F00EC9A9B /* AppDelegate.swift */ = {isa = PBXFileReference; lastKnownFileType = sourcecode.swift; path = AppDelegate.swift; sourceTree = "<group>"; };
		459F5B582413197F00EC9A9B /* SceneDelegate.swift */ = {isa = PBXFileReference; lastKnownFileType = sourcecode.swift; path = SceneDelegate.swift; sourceTree = "<group>"; };
		459F5B5A2413197F00EC9A9B /* ContentView.swift */ = {isa = PBXFileReference; lastKnownFileType = sourcecode.swift; path = ContentView.swift; sourceTree = "<group>"; };
		459F5B5C2413198300EC9A9B /* Assets.xcassets */ = {isa = PBXFileReference; lastKnownFileType = folder.assetcatalog; path = Assets.xcassets; sourceTree = "<group>"; };
		459F5B5F2413198300EC9A9B /* Preview Assets.xcassets */ = {isa = PBXFileReference; lastKnownFileType = folder.assetcatalog; path = "Preview Assets.xcassets"; sourceTree = "<group>"; };
		459F5B622413198300EC9A9B /* Base */ = {isa = PBXFileReference; lastKnownFileType = file.storyboard; name = Base; path = Base.lproj/LaunchScreen.storyboard; sourceTree = "<group>"; };
		459F5B642413198300EC9A9B /* Info.plist */ = {isa = PBXFileReference; lastKnownFileType = text.plist.xml; path = Info.plist; sourceTree = "<group>"; };
		459F5B6C24131A8400EC9A9B /* PizzaList.swift */ = {isa = PBXFileReference; lastKnownFileType = sourcecode.swift; path = PizzaList.swift; sourceTree = "<group>"; };
		459F5B6E24131ACD00EC9A9B /* Pizza.swift */ = {isa = PBXFileReference; lastKnownFileType = sourcecode.swift; path = Pizza.swift; sourceTree = "<group>"; };
		459F5B7124131EB900EC9A9B /* PizzaListView.swift */ = {isa = PBXFileReference; lastKnownFileType = sourcecode.swift; path = PizzaListView.swift; sourceTree = "<group>"; };
		459F5B732413249E00EC9A9B /* PizzaDetailScreen.swift */ = {isa = PBXFileReference; lastKnownFileType = sourcecode.swift; path = PizzaDetailScreen.swift; sourceTree = "<group>"; };
		459F5B75241324C200EC9A9B /* PizzaDetailView.swift */ = {isa = PBXFileReference; lastKnownFileType = sourcecode.swift; path = PizzaDetailView.swift; sourceTree = "<group>"; };
		459F5B77241396CF00EC9A9B /* DataService.swift */ = {isa = PBXFileReference; lastKnownFileType = sourcecode.swift; path = DataService.swift; sourceTree = "<group>"; };
/* End PBXFileReference section */

/* Begin PBXFrameworksBuildPhase section */
		459F5B502413197F00EC9A9B /* Frameworks */ = {
			isa = PBXFrameworksBuildPhase;
			buildActionMask = 2147483647;
			files = (
			);
			runOnlyForDeploymentPostprocessing = 0;
		};
/* End PBXFrameworksBuildPhase section */

/* Begin PBXGroup section */
		459F5B4A2413197F00EC9A9B = {
			isa = PBXGroup;
			children = (
				459F5B552413197F00EC9A9B /* NavigationApp */,
				459F5B542413197F00EC9A9B /* Products */,
			);
			sourceTree = "<group>";
		};
		459F5B542413197F00EC9A9B /* Products */ = {
			isa = PBXGroup;
			children = (
				459F5B532413197F00EC9A9B /* NavigationApp.app */,
			);
			name = Products;
			sourceTree = "<group>";
		};
		459F5B552413197F00EC9A9B /* NavigationApp */ = {
			isa = PBXGroup;
			children = (
				459F5B7024131E9F00EC9A9B /* Views */,
				459F5B6B241319BC00EC9A9B /* Model */,
				459F5B6A241319A800EC9A9B /* Screens */,
				459F5B562413197F00EC9A9B /* AppDelegate.swift */,
				459F5B582413197F00EC9A9B /* SceneDelegate.swift */,
				459F5B5A2413197F00EC9A9B /* ContentView.swift */,
				459F5B5C2413198300EC9A9B /* Assets.xcassets */,
				459F5B612413198300EC9A9B /* LaunchScreen.storyboard */,
				459F5B642413198300EC9A9B /* Info.plist */,
				459F5B5E2413198300EC9A9B /* Preview Content */,
			);
			path = NavigationApp;
			sourceTree = "<group>";
		};
		459F5B5E2413198300EC9A9B /* Preview Content */ = {
			isa = PBXGroup;
			children = (
				459F5B5F2413198300EC9A9B /* Preview Assets.xcassets */,
			);
			path = "Preview Content";
			sourceTree = "<group>";
		};
		459F5B6A241319A800EC9A9B /* Screens */ = {
			isa = PBXGroup;
			children = (
				459F5B6C24131A8400EC9A9B /* PizzaList.swift */,
				459F5B732413249E00EC9A9B /* PizzaDetailScreen.swift */,
			);
			path = Screens;
			sourceTree = "<group>";
		};
		459F5B6B241319BC00EC9A9B /* Model */ = {
			isa = PBXGroup;
			children = (
				459F5B6E24131ACD00EC9A9B /* Pizza.swift */,
				459F5B77241396CF00EC9A9B /* DataService.swift */,
			);
			path = Model;
			sourceTree = "<group>";
		};
		459F5B7024131E9F00EC9A9B /* Views */ = {
			isa = PBXGroup;
			children = (
				459F5B7124131EB900EC9A9B /* PizzaListView.swift */,
				459F5B75241324C200EC9A9B /* PizzaDetailView.swift */,
			);
			path = Views;
			sourceTree = "<group>";
		};
/* End PBXGroup section */

/* Begin PBXNativeTarget section */
		459F5B522413197F00EC9A9B /* NavigationApp */ = {
			isa = PBXNativeTarget;
			buildConfigurationList = 459F5B672413198300EC9A9B /* Build configuration list for PBXNativeTarget "NavigationApp" */;
			buildPhases = (
				459F5B4F2413197F00EC9A9B /* Sources */,
				459F5B502413197F00EC9A9B /* Frameworks */,
				459F5B512413197F00EC9A9B /* Resources */,
			);
			buildRules = (
			);
			dependencies = (
			);
			name = NavigationApp;
			productName = NavigationApp;
			productReference = 459F5B532413197F00EC9A9B /* NavigationApp.app */;
			productType = "com.apple.product-type.application";
		};
/* End PBXNativeTarget section */

/* Begin PBXProject section */
		459F5B4B2413197F00EC9A9B /* Project object */ = {
			isa = PBXProject;
			attributes = {
				LastSwiftUpdateCheck = 1130;
				LastUpgradeCheck = 1130;
				ORGANIZATIONNAME = "Sunimal Herath";
				TargetAttributes = {
					459F5B522413197F00EC9A9B = {
						CreatedOnToolsVersion = 11.3.1;
					};
				};
			};
			buildConfigurationList = 459F5B4E2413197F00EC9A9B /* Build configuration list for PBXProject "NavigationApp" */;
			compatibilityVersion = "Xcode 9.3";
			developmentRegion = en;
			hasScannedForEncodings = 0;
			knownRegions = (
				en,
				Base,
			);
			mainGroup = 459F5B4A2413197F00EC9A9B;
			productRefGroup = 459F5B542413197F00EC9A9B /* Products */;
			projectDirPath = "";
			projectRoot = "";
			targets = (
				459F5B522413197F00EC9A9B /* NavigationApp */,
			);
		};
/* End PBXProject section */

/* Begin PBXResourcesBuildPhase section */
		459F5B512413197F00EC9A9B /* Resources */ = {
			isa = PBXResourcesBuildPhase;
			buildActionMask = 2147483647;
			files = (
				459F5B632413198300EC9A9B /* LaunchScreen.storyboard in Resources */,
				459F5B602413198300EC9A9B /* Preview Assets.xcassets in Resources */,
				459F5B5D2413198300EC9A9B /* Assets.xcassets in Resources */,
			);
			runOnlyForDeploymentPostprocessing = 0;
		};
/* End PBXResourcesBuildPhase section */

/* Begin PBXSourcesBuildPhase section */
		459F5B4F2413197F00EC9A9B /* Sources */ = {
			isa = PBXSourcesBuildPhase;
			buildActionMask = 2147483647;
			files = (
				459F5B78241396CF00EC9A9B /* DataService.swift in Sources */,
				459F5B6D24131A8400EC9A9B /* PizzaList.swift in Sources */,
				459F5B572413197F00EC9A9B /* AppDelegate.swift in Sources */,
				459F5B592413197F00EC9A9B /* SceneDelegate.swift in Sources */,
				459F5B742413249E00EC9A9B /* PizzaDetailScreen.swift in Sources */,
				459F5B76241324C200EC9A9B /* PizzaDetailView.swift in Sources */,
				459F5B7224131EB900EC9A9B /* PizzaListView.swift in Sources */,
				459F5B6F24131ACD00EC9A9B /* Pizza.swift in Sources */,
				459F5B5B2413197F00EC9A9B /* ContentView.swift in Sources */,
			);
			runOnlyForDeploymentPostprocessing = 0;
		};
/* End PBXSourcesBuildPhase section */

/* Begin PBXVariantGroup section */
		459F5B612413198300EC9A9B /* LaunchScreen.storyboard */ = {
			isa = PBXVariantGroup;
			children = (
				459F5B622413198300EC9A9B /* Base */,
			);
			name = LaunchScreen.storyboard;
			sourceTree = "<group>";
		};
/* End PBXVariantGroup section */

/* Begin XCBuildConfiguration section */
		459F5B652413198300EC9A9B /* Debug */ = {
			isa = XCBuildConfiguration;
			buildSettings = {
				ALWAYS_SEARCH_USER_PATHS = NO;
				CLANG_ANALYZER_NONNULL = YES;
				CLANG_ANALYZER_NUMBER_OBJECT_CONVERSION = YES_AGGRESSIVE;
				CLANG_CXX_LANGUAGE_STANDARD = "gnu++14";
				CLANG_CXX_LIBRARY = "libc++";
				CLANG_ENABLE_MODULES = YES;
				CLANG_ENABLE_OBJC_ARC = YES;
				CLANG_ENABLE_OBJC_WEAK = YES;
				CLANG_WARN_BLOCK_CAPTURE_AUTORELEASING = YES;
				CLANG_WARN_BOOL_CONVERSION = YES;
				CLANG_WARN_COMMA = YES;
				CLANG_WARN_CONSTANT_CONVERSION = YES;
				CLANG_WARN_DEPRECATED_OBJC_IMPLEMENTATIONS = YES;
				CLANG_WARN_DIRECT_OBJC_ISA_USAGE = YES_ERROR;
				CLANG_WARN_DOCUMENTATION_COMMENTS = YES;
				CLANG_WARN_EMPTY_BODY = YES;
				CLANG_WARN_ENUM_CONVERSION = YES;
				CLANG_WARN_INFINITE_RECURSION = YES;
				CLANG_WARN_INT_CONVERSION = YES;
				CLANG_WARN_NON_LITERAL_NULL_CONVERSION = YES;
				CLANG_WARN_OBJC_IMPLICIT_RETAIN_SELF = YES;
				CLANG_WARN_OBJC_LITERAL_CONVERSION = YES;
				CLANG_WARN_OBJC_ROOT_CLASS = YES_ERROR;
				CLANG_WARN_RANGE_LOOP_ANALYSIS = YES;
				CLANG_WARN_STRICT_PROTOTYPES = YES;
				CLANG_WARN_SUSPICIOUS_MOVE = YES;
				CLANG_WARN_UNGUARDED_AVAILABILITY = YES_AGGRESSIVE;
				CLANG_WARN_UNREACHABLE_CODE = YES;
				CLANG_WARN__DUPLICATE_METHOD_MATCH = YES;
				COPY_PHASE_STRIP = NO;
				DEBUG_INFORMATION_FORMAT = dwarf;
				ENABLE_STRICT_OBJC_MSGSEND = YES;
				ENABLE_TESTABILITY = YES;
				GCC_C_LANGUAGE_STANDARD = gnu11;
				GCC_DYNAMIC_NO_PIC = NO;
				GCC_NO_COMMON_BLOCKS = YES;
				GCC_OPTIMIZATION_LEVEL = 0;
				GCC_PREPROCESSOR_DEFINITIONS = (
					"DEBUG=1",
					"$(inherited)",
				);
				GCC_WARN_64_TO_32_BIT_CONVERSION = YES;
				GCC_WARN_ABOUT_RETURN_TYPE = YES_ERROR;
				GCC_WARN_UNDECLARED_SELECTOR = YES;
				GCC_WARN_UNINITIALIZED_AUTOS = YES_AGGRESSIVE;
				GCC_WARN_UNUSED_FUNCTION = YES;
				GCC_WARN_UNUSED_VARIABLE = YES;
				IPHONEOS_DEPLOYMENT_TARGET = 13.2;
				MTL_ENABLE_DEBUG_INFO = INCLUDE_SOURCE;
				MTL_FAST_MATH = YES;
				ONLY_ACTIVE_ARCH = YES;
				SDKROOT = iphoneos;
				SWIFT_ACTIVE_COMPILATION_CONDITIONS = DEBUG;
				SWIFT_OPTIMIZATION_LEVEL = "-Onone";
			};
			name = Debug;
		};
		459F5B662413198300EC9A9B /* Release */ = {
			isa = XCBuildConfiguration;
			buildSettings = {
				ALWAYS_SEARCH_USER_PATHS = NO;
				CLANG_ANALYZER_NONNULL = YES;
				CLANG_ANALYZER_NUMBER_OBJECT_CONVERSION = YES_AGGRESSIVE;
				CLANG_CXX_LANGUAGE_STANDARD = "gnu++14";
				CLANG_CXX_LIBRARY = "libc++";
				CLANG_ENABLE_MODULES = YES;
				CLANG_ENABLE_OBJC_ARC = YES;
				CLANG_ENABLE_OBJC_WEAK = YES;
				CLANG_WARN_BLOCK_CAPTURE_AUTORELEASING = YES;
				CLANG_WARN_BOOL_CONVERSION = YES;
				CLANG_WARN_COMMA = YES;
				CLANG_WARN_CONSTANT_CONVERSION = YES;
				CLANG_WARN_DEPRECATED_OBJC_IMPLEMENTATIONS = YES;
				CLANG_WARN_DIRECT_OBJC_ISA_USAGE = YES_ERROR;
				CLANG_WARN_DOCUMENTATION_COMMENTS = YES;
				CLANG_WARN_EMPTY_BODY = YES;
				CLANG_WARN_ENUM_CONVERSION = YES;
				CLANG_WARN_INFINITE_RECURSION = YES;
				CLANG_WARN_INT_CONVERSION = YES;
				CLANG_WARN_NON_LITERAL_NULL_CONVERSION = YES;
				CLANG_WARN_OBJC_IMPLICIT_RETAIN_SELF = YES;
				CLANG_WARN_OBJC_LITERAL_CONVERSION = YES;
				CLANG_WARN_OBJC_ROOT_CLASS = YES_ERROR;
				CLANG_WARN_RANGE_LOOP_ANALYSIS = YES;
				CLANG_WARN_STRICT_PROTOTYPES = YES;
				CLANG_WARN_SUSPICIOUS_MOVE = YES;
				CLANG_WARN_UNGUARDED_AVAILABILITY = YES_AGGRESSIVE;
				CLANG_WARN_UNREACHABLE_CODE = YES;
				CLANG_WARN__DUPLICATE_METHOD_MATCH = YES;
				COPY_PHASE_STRIP = NO;
				DEBUG_INFORMATION_FORMAT = "dwarf-with-dsym";
				ENABLE_NS_ASSERTIONS = NO;
				ENABLE_STRICT_OBJC_MSGSEND = YES;
				GCC_C_LANGUAGE_STANDARD = gnu11;
				GCC_NO_COMMON_BLOCKS = YES;
				GCC_WARN_64_TO_32_BIT_CONVERSION = YES;
				GCC_WARN_ABOUT_RETURN_TYPE = YES_ERROR;
				GCC_WARN_UNDECLARED_SELECTOR = YES;
				GCC_WARN_UNINITIALIZED_AUTOS = YES_AGGRESSIVE;
				GCC_WARN_UNUSED_FUNCTION = YES;
				GCC_WARN_UNUSED_VARIABLE = YES;
				IPHONEOS_DEPLOYMENT_TARGET = 13.2;
				MTL_ENABLE_DEBUG_INFO = NO;
				MTL_FAST_MATH = YES;
				SDKROOT = iphoneos;
				SWIFT_COMPILATION_MODE = wholemodule;
				SWIFT_OPTIMIZATION_LEVEL = "-O";
				VALIDATE_PRODUCT = YES;
			};
			name = Release;
		};
		459F5B682413198300EC9A9B /* Debug */ = {
			isa = XCBuildConfiguration;
			buildSettings = {
				ASSETCATALOG_COMPILER_APPICON_NAME = AppIcon;
				CODE_SIGN_STYLE = Automatic;
				DEVELOPMENT_ASSET_PATHS = "\"NavigationApp/Preview Content\"";
				DEVELOPMENT_TEAM = 8TT3935U7A;
				ENABLE_PREVIEWS = YES;
				INFOPLIST_FILE = NavigationApp/Info.plist;
				LD_RUNPATH_SEARCH_PATHS = (
					"$(inherited)",
					"@executable_path/Frameworks",
				);
				PRODUCT_BUNDLE_IDENTIFIER = com.cod3breaker.NavigationApp;
				PRODUCT_NAME = "$(TARGET_NAME)";
				SWIFT_VERSION = 5.0;
				TARGETED_DEVICE_FAMILY = "1,2";
			};
			name = Debug;
		};
		459F5B692413198300EC9A9B /* Release */ = {
			isa = XCBuildConfiguration;
			buildSettings = {
				ASSETCATALOG_COMPILER_APPICON_NAME = AppIcon;
				CODE_SIGN_STYLE = Automatic;
				DEVELOPMENT_ASSET_PATHS = "\"NavigationApp/Preview Content\"";
				DEVELOPMENT_TEAM = 8TT3935U7A;
				ENABLE_PREVIEWS = YES;
				INFOPLIST_FILE = NavigationApp/Info.plist;
				LD_RUNPATH_SEARCH_PATHS = (
					"$(inherited)",
					"@executable_path/Frameworks",
				);
				PRODUCT_BUNDLE_IDENTIFIER = com.cod3breaker.NavigationApp;
				PRODUCT_NAME = "$(TARGET_NAME)";
				SWIFT_VERSION = 5.0;
				TARGETED_DEVICE_FAMILY = "1,2";
			};
			name = Release;
		};
/* End XCBuildConfiguration section */

/* Begin XCConfigurationList section */
		459F5B4E2413197F00EC9A9B /* Build configuration list for PBXProject "NavigationApp" */ = {
			isa = XCConfigurationList;
			buildConfigurations = (
				459F5B652413198300EC9A9B /* Debug */,
				459F5B662413198300EC9A9B /* Release */,
			);
			defaultConfigurationIsVisible = 0;
			defaultConfigurationName = Release;
		};
		459F5B672413198300EC9A9B /* Build configuration list for PBXNativeTarget "NavigationApp" */ = {
			isa = XCConfigurationList;
			buildConfigurations = (
				459F5B682413198300EC9A9B /* Debug */,
				459F5B692413198300EC9A9B /* Release */,
			);
			defaultConfigurationIsVisible = 0;
			defaultConfigurationName = Release;
		};
/* End XCConfigurationList section */
	};
	rootObject = 459F5B4B2413197F00EC9A9B /* Project object */;
}
